# This file was autogenerated by Stack.
# You should not edit this file by hand.
# For more information, please see the documentation at:
#   https://docs.haskellstack.org/en/stable/lock_files

packages:
- completed:
    hackage: argon2-1.3.0.1@sha256:5b8e515bfb9ac48f3650728c154d087a69af3acbb625cc07d503b4eb98701faf,4592
    pantry-tree:
      size: 1675
      sha256: c3c22c03feabbc5de6defa5c0fc937d7a788b8ddae5566ff2d952785cf98e07a
  original:
    hackage: argon2-1.3.0.1@sha256:5b8e515bfb9ac48f3650728c154d087a69af3acbb625cc07d503b4eb98701faf
- completed:
    hackage: servant-multipart-0.11.3@sha256:04b95348c0b85148afe146bc99be7f937aca367acd8fedf2e963b5ae5db5638e,2178
    pantry-tree:
      size: 333
      sha256: adc8656dd37fe6852363a2ad8ebbebe917cd760bbc52507fcf94ae963c4de2d9
  original:
    hackage: servant-multipart-0.11.3
- completed:
    size: 7019
    url: https://github.com/Reisen/eventless/archive/35f305ea994c34598e99ca5155d52033a03a053a.tar.gz
    cabal-file:
      size: 1822
      sha256: 636cd4df902e04da33987e37bf83a6ad5e67560a3ea5c0a79768432274f47086
    name: eventless
    version: 0.1.0.3
    sha256: 502d3a7865251d0fa4e1337b1f8bdfcc72b0a8bc12f0e1abcaa1eebd12ecca7d
    pantry-tree:
      size: 1016
      sha256: 72af1669e2053e868c5bbe518afba0c3bfec0472115dd5f003ffd75343261361
  original:
    url: https://github.com/Reisen/eventless/archive/35f305ea994c34598e99ca5155d52033a03a053a.tar.gz
- completed:
    size: 2115175
    url: https://github.com/IreneKnapp/direct-sqlite/archive/8e3da41c46b5de19942cc7bf421c3deb5117ba7a.tar.gz
    cabal-file:
      size: 3269
      sha256: e9478d0d7b22d02a6a55cdc385df9f70cd62a8c9d63aeb77ce27a42195a32af5
    name: direct-sqlite
    version: 2.3.24
    sha256: 533427610f9bbce4673041afb08a24fe0f21b23f183422d950f811e092aa5749
    pantry-tree:
      size: 932
      sha256: 0f5bb35435f96dbe2d3462486483298cca68a1269741af250431eac39ba79554
  original:
    url: https://github.com/IreneKnapp/direct-sqlite/archive/8e3da41c46b5de19942cc7bf421c3deb5117ba7a.tar.gz
- completed:
    size: 16224
    url: https://github.com/Reisen/aeson-typescript/archive/9482e92a222df3594e8669b5e7d814db1d7209ef.tar.gz
    cabal-file:
      size: 2643
      sha256: ad073e9b2d4c0a040edf6609aeb51878ee64aa190ee54ab7516daf78564703f3
    name: aeson-typescript
    version: 0.1.2.0
    sha256: e1771a28e1edb9d8b66165f8c35f23374f65abf249561c6e86818d1e14e8dbec
    pantry-tree:
      size: 1920
      sha256: 1f077bf4eba23c622ab0792d3caa4c9ed8bb6294bbb8ff61cb116dc3adcd435a
  original:
    url: https://github.com/Reisen/aeson-typescript/archive/9482e92a222df3594e8669b5e7d814db1d7209ef.tar.gz
snapshots:
- completed:
    size: 494984
    url: https://raw.githubusercontent.com/commercialhaskell/stackage-snapshots/master/lts/13/4.yaml
    sha256: ba80f9f1f517b9c79a3f32944558fa29837a152eae8dcd0891317338920c2ed8
  original: lts-13.4
